
Microsoft Visual Studio Solution File, Format Version 12.00
# Visual Studio Version 17
VisualStudioVersion = 17.0.31521.260
MinimumVisualStudioVersion = 10.0.40219.1
Project("{9A19103F-16F7-4668-BE54-9A1E7A4F7556}") = "Snblog", "Snblog\Snblog.csproj", "{9713C20D-1EFE-40D3-A848-5D4BCC545810}"
	ProjectSection(ProjectDependencies) = postProject
		{2998C578-D9D1-47C6-B5B2-9D1D0B1C2CA7} = {2998C578-D9D1-47C6-B5B2-9D1D0B1C2CA7}
	EndProjectSection
EndProject
Project("{9A19103F-16F7-4668-BE54-9A1E7A4F7556}") = "Snblog.Enties", "Snblog.Enties\Snblog.Enties.csproj", "{71BC72C6-5027-4625-9AB5-308239402B1B}"
EndProject
Project("{9A19103F-16F7-4668-BE54-9A1E7A4F7556}") = "Snblog.IRepository", "Snblog.IRepository\Snblog.IRepository.csproj", "{130E512B-BE4A-4F16-84B5-0CFFCF1F79C7}"
EndProject
Project("{9A19103F-16F7-4668-BE54-9A1E7A4F7556}") = "Snblog.Repository", "Snblog.Repository\Snblog.Repository.csproj", "{26BA53B4-AE5C-49BD-8B43-1E334DB30188}"
EndProject
Project("{9A19103F-16F7-4668-BE54-9A1E7A4F7556}") = "Snblog.IService", "Snblog.IService\Snblog.IService.csproj", "{2F39A991-1BD4-4478-9C02-F83B0F38E1D8}"
EndProject
Project("{9A19103F-16F7-4668-BE54-9A1E7A4F7556}") = "Snblog.Service", "Snblog.Service\Snblog.Service.csproj", "{74F29408-852A-4CAF-94D4-F2E1B8B1A8F3}"
EndProject
Project("{9A19103F-16F7-4668-BE54-9A1E7A4F7556}") = "Snblog.Cache", "Snblog.Cache\Snblog.Cache.csproj", "{2998C578-D9D1-47C6-B5B2-9D1D0B1C2CA7}"
EndProject
Project("{9A19103F-16F7-4668-BE54-9A1E7A4F7556}") = "Snblog.Util", "Snblog.Util\Snblog.Util.csproj", "{A39F2550-7EED-40B5-A796-08C6031F6981}"
EndProject
Project("{2150E333-8FDC-42A3-9474-1A3956D46DE8}") = "Solution Items", "Solution Items", "{B02E0543-40FD-4698-A987-430088B1F872}"
	ProjectSection(SolutionItems) = preProject
		.editorconfig = .editorconfig
	EndProjectSection
EndProject
Global
	GlobalSection(SolutionConfigurationPlatforms) = preSolution
		Debug|Any CPU = Debug|Any CPU
		Release|Any CPU = Release|Any CPU
	EndGlobalSection
	GlobalSection(ProjectConfigurationPlatforms) = postSolution
		{9713C20D-1EFE-40D3-A848-5D4BCC545810}.Debug|Any CPU.ActiveCfg = Debug|Any CPU
		{9713C20D-1EFE-40D3-A848-5D4BCC545810}.Debug|Any CPU.Build.0 = Debug|Any CPU
		{9713C20D-1EFE-40D3-A848-5D4BCC545810}.Release|Any CPU.ActiveCfg = Release|Any CPU
		{9713C20D-1EFE-40D3-A848-5D4BCC545810}.Release|Any CPU.Build.0 = Release|Any CPU
		{71BC72C6-5027-4625-9AB5-308239402B1B}.Debug|Any CPU.ActiveCfg = Debug|Any CPU
		{71BC72C6-5027-4625-9AB5-308239402B1B}.Debug|Any CPU.Build.0 = Debug|Any CPU
		{71BC72C6-5027-4625-9AB5-308239402B1B}.Release|Any CPU.ActiveCfg = Release|Any CPU
		{71BC72C6-5027-4625-9AB5-308239402B1B}.Release|Any CPU.Build.0 = Release|Any CPU
		{130E512B-BE4A-4F16-84B5-0CFFCF1F79C7}.Debug|Any CPU.ActiveCfg = Debug|Any CPU
		{130E512B-BE4A-4F16-84B5-0CFFCF1F79C7}.Debug|Any CPU.Build.0 = Debug|Any CPU
		{130E512B-BE4A-4F16-84B5-0CFFCF1F79C7}.Release|Any CPU.ActiveCfg = Release|Any CPU
		{130E512B-BE4A-4F16-84B5-0CFFCF1F79C7}.Release|Any CPU.Build.0 = Release|Any CPU
		{26BA53B4-AE5C-49BD-8B43-1E334DB30188}.Debug|Any CPU.ActiveCfg = Debug|Any CPU
		{26BA53B4-AE5C-49BD-8B43-1E334DB30188}.Debug|Any CPU.Build.0 = Debug|Any CPU
		{26BA53B4-AE5C-49BD-8B43-1E334DB30188}.Release|Any CPU.ActiveCfg = Release|Any CPU
		{26BA53B4-AE5C-49BD-8B43-1E334DB30188}.Release|Any CPU.Build.0 = Release|Any CPU
		{2F39A991-1BD4-4478-9C02-F83B0F38E1D8}.Debug|Any CPU.ActiveCfg = Debug|Any CPU
		{2F39A991-1BD4-4478-9C02-F83B0F38E1D8}.Debug|Any CPU.Build.0 = Debug|Any CPU
		{2F39A991-1BD4-4478-9C02-F83B0F38E1D8}.Release|Any CPU.ActiveCfg = Release|Any CPU
		{2F39A991-1BD4-4478-9C02-F83B0F38E1D8}.Release|Any CPU.Build.0 = Release|Any CPU
		{74F29408-852A-4CAF-94D4-F2E1B8B1A8F3}.Debug|Any CPU.ActiveCfg = Debug|Any CPU
		{74F29408-852A-4CAF-94D4-F2E1B8B1A8F3}.Debug|Any CPU.Build.0 = Debug|Any CPU
		{74F29408-852A-4CAF-94D4-F2E1B8B1A8F3}.Release|Any CPU.ActiveCfg = Release|Any CPU
		{74F29408-852A-4CAF-94D4-F2E1B8B1A8F3}.Release|Any CPU.Build.0 = Release|Any CPU
		{2998C578-D9D1-47C6-B5B2-9D1D0B1C2CA7}.Debug|Any CPU.ActiveCfg = Debug|Any CPU
		{2998C578-D9D1-47C6-B5B2-9D1D0B1C2CA7}.Debug|Any CPU.Build.0 = Debug|Any CPU
		{2998C578-D9D1-47C6-B5B2-9D1D0B1C2CA7}.Release|Any CPU.ActiveCfg = Release|Any CPU
		{2998C578-D9D1-47C6-B5B2-9D1D0B1C2CA7}.Release|Any CPU.Build.0 = Release|Any CPU
		{A39F2550-7EED-40B5-A796-08C6031F6981}.Debug|Any CPU.ActiveCfg = Debug|Any CPU
		{A39F2550-7EED-40B5-A796-08C6031F6981}.Debug|Any CPU.Build.0 = Debug|Any CPU
		{A39F2550-7EED-40B5-A796-08C6031F6981}.Release|Any CPU.ActiveCfg = Release|Any CPU
		{A39F2550-7EED-40B5-A796-08C6031F6981}.Release|Any CPU.Build.0 = Release|Any CPU
	EndGlobalSection
	GlobalSection(SolutionProperties) = preSolution
		HideSolutionNode = FALSE
	EndGlobalSection
	GlobalSection(ExtensibilityGlobals) = postSolution
		SolutionGuid = {1CE88E11-4BA4-4296-BB5C-7D5B4A73DC2C}
	EndGlobalSection
EndGlobal
